
Microsoft Visual Studio Solution File, Format Version 12.00
# Visual Studio 15
VisualStudioVersion = 15.0.27130.2036
MinimumVisualStudioVersion = 10.0.40219.1
Project("{8BC9CEB8-8B4A-11D0-8D11-00A0C91BC942}") = "PP01.HelloSDL", "PP01.HelloSDL\PP01.HelloSDL.vcxproj", "{1EEBBF5C-6EE2-40C9-9ACD-6E342C9C8CC6}"
EndProject
Project("{8BC9CEB8-8B4A-11D0-8D11-00A0C91BC942}") = "PP02.BreakUpHelloSDL", "PP02.BreakUpHelloSDL\PP02.BreakUpHelloSDL.vcxproj", "{EBBAD1F6-D950-4CC7-9C04-17E2468830AD}"
EndProject
Project("{8BC9CEB8-8B4A-11D0-8D11-00A0C91BC942}") = "PP03.GameClass", "PP03.GameClass\PP03.GameClass.vcxproj", "{2412F1F9-C12D-4CEC-AE81-FDD4D6112662}"
EndProject
Project("{8BC9CEB8-8B4A-11D0-8D11-00A0C91BC942}") = "PP04.BasicDrawing", "PP04.BasicDrawing\PP04.BasicDrawing.vcxproj", "{0DC74A2B-B2B6-463A-A7EE-6C4F3C6B2052}"
EndProject
Project("{8BC9CEB8-8B4A-11D0-8D11-00A0C91BC942}") = "PP05.AniamtingSprite", "PP05.AniamtingSprite\PP05.AniamtingSprite.vcxproj", "{D738C533-AE95-4301-B792-BA5A7A03475C}"
EndProject
Project("{8BC9CEB8-8B4A-11D0-8D11-00A0C91BC942}") = "PP06.ImageSprite", "PP06.ImageSprite\PP06.ImageSprite.vcxproj", "{B444BC41-80FB-48CC-BF04-73AB22970DD1}"
EndProject
Project("{8BC9CEB8-8B4A-11D0-8D11-00A0C91BC942}") = "PP07.TextureManager", "PP07.TextureManager\PP07.TextureManager.vcxproj", "{5FF70BAF-3775-4F52-9CA8-8CD1054D999D}"
EndProject
Project("{8BC9CEB8-8B4A-11D0-8D11-00A0C91BC942}") = "PP08.SingletonTM", "PP08.SingletonTM\PP08.SingletonTM.vcxproj", "{57C19DB2-9006-41A3-B8E8-F6688DC3E5D7}"
EndProject
Project("{8BC9CEB8-8B4A-11D0-8D11-00A0C91BC942}") = "PP09.Inheritance", "PP09.Inheritance\PP09.Inheritance.vcxproj", "{7DDA691C-6D8D-46F8-8A20-9BA20E99D5B7}"
EndProject
Project("{8BC9CEB8-8B4A-11D0-8D11-00A0C91BC942}") = "PP10.Polymorphism", "PP10.Polymorphism\PP10.Polymorphism.vcxproj", "{93297A0B-DA7E-4401-B739-4FA18313D4DC}"
EndProject
Project("{8BC9CEB8-8B4A-11D0-8D11-00A0C91BC942}") = "PP11.AbstractClass", "PP11.AbstractClass\PP11.AbstractClass.vcxproj", "{D8A3A220-89F9-4E96-8B46-F8BE969CDB08}"
EndProject
Project("{8BC9CEB8-8B4A-11D0-8D11-00A0C91BC942}") = "PP12.Vector2D", "PP12.Vector2D\PP12.Vector2D.vcxproj", "{3A5496C4-4007-4068-A90E-281EC1A42F63}"
EndProject
Project("{8BC9CEB8-8B4A-11D0-8D11-00A0C91BC942}") = "PP13.KInputHandler", "PP13.KInputHandler\PP13.KInputHandler.vcxproj", "{71622D59-0C0A-4CE1-AB6F-97DB86CB2827}"
EndProject
Project("{8BC9CEB8-8B4A-11D0-8D11-00A0C91BC942}") = "PP14.MInputHandler", "PP14.MInputHandler\PP14.MInputHandler.vcxproj", "{72BA0B93-7613-4948-9F65-CC0EF5B6A32A}"
EndProject
Global
	GlobalSection(SolutionConfigurationPlatforms) = preSolution
		Debug|x64 = Debug|x64
		Debug|x86 = Debug|x86
		Release|x64 = Release|x64
		Release|x86 = Release|x86
	EndGlobalSection
	GlobalSection(ProjectConfigurationPlatforms) = postSolution
		{1EEBBF5C-6EE2-40C9-9ACD-6E342C9C8CC6}.Debug|x64.ActiveCfg = Debug|x64
		{1EEBBF5C-6EE2-40C9-9ACD-6E342C9C8CC6}.Debug|x64.Build.0 = Debug|x64
		{1EEBBF5C-6EE2-40C9-9ACD-6E342C9C8CC6}.Debug|x86.ActiveCfg = Debug|Win32
		{1EEBBF5C-6EE2-40C9-9ACD-6E342C9C8CC6}.Debug|x86.Build.0 = Debug|Win32
		{1EEBBF5C-6EE2-40C9-9ACD-6E342C9C8CC6}.Release|x64.ActiveCfg = Release|x64
		{1EEBBF5C-6EE2-40C9-9ACD-6E342C9C8CC6}.Release|x64.Build.0 = Release|x64
		{1EEBBF5C-6EE2-40C9-9ACD-6E342C9C8CC6}.Release|x86.ActiveCfg = Release|Win32
		{1EEBBF5C-6EE2-40C9-9ACD-6E342C9C8CC6}.Release|x86.Build.0 = Release|Win32
		{EBBAD1F6-D950-4CC7-9C04-17E2468830AD}.Debug|x64.ActiveCfg = Debug|x64
		{EBBAD1F6-D950-4CC7-9C04-17E2468830AD}.Debug|x64.Build.0 = Debug|x64
		{EBBAD1F6-D950-4CC7-9C04-17E2468830AD}.Debug|x86.ActiveCfg = Debug|Win32
		{EBBAD1F6-D950-4CC7-9C04-17E2468830AD}.Debug|x86.Build.0 = Debug|Win32
		{EBBAD1F6-D950-4CC7-9C04-17E2468830AD}.Release|x64.ActiveCfg = Release|x64
		{EBBAD1F6-D950-4CC7-9C04-17E2468830AD}.Release|x64.Build.0 = Release|x64
		{EBBAD1F6-D950-4CC7-9C04-17E2468830AD}.Release|x86.ActiveCfg = Release|Win32
		{EBBAD1F6-D950-4CC7-9C04-17E2468830AD}.Release|x86.Build.0 = Release|Win32
		{2412F1F9-C12D-4CEC-AE81-FDD4D6112662}.Debug|x64.ActiveCfg = Debug|x64
		{2412F1F9-C12D-4CEC-AE81-FDD4D6112662}.Debug|x64.Build.0 = Debug|x64
		{2412F1F9-C12D-4CEC-AE81-FDD4D6112662}.Debug|x86.ActiveCfg = Debug|Win32
		{2412F1F9-C12D-4CEC-AE81-FDD4D6112662}.Debug|x86.Build.0 = Debug|Win32
		{2412F1F9-C12D-4CEC-AE81-FDD4D6112662}.Release|x64.ActiveCfg = Release|x64
		{2412F1F9-C12D-4CEC-AE81-FDD4D6112662}.Release|x64.Build.0 = Release|x64
		{2412F1F9-C12D-4CEC-AE81-FDD4D6112662}.Release|x86.ActiveCfg = Release|Win32
		{2412F1F9-C12D-4CEC-AE81-FDD4D6112662}.Release|x86.Build.0 = Release|Win32
		{0DC74A2B-B2B6-463A-A7EE-6C4F3C6B2052}.Debug|x64.ActiveCfg = Debug|x64
		{0DC74A2B-B2B6-463A-A7EE-6C4F3C6B2052}.Debug|x64.Build.0 = Debug|x64
		{0DC74A2B-B2B6-463A-A7EE-6C4F3C6B2052}.Debug|x86.ActiveCfg = Debug|Win32
		{0DC74A2B-B2B6-463A-A7EE-6C4F3C6B2052}.Debug|x86.Build.0 = Debug|Win32
		{0DC74A2B-B2B6-463A-A7EE-6C4F3C6B2052}.Release|x64.ActiveCfg = Release|x64
		{0DC74A2B-B2B6-463A-A7EE-6C4F3C6B2052}.Release|x64.Build.0 = Release|x64
		{0DC74A2B-B2B6-463A-A7EE-6C4F3C6B2052}.Release|x86.ActiveCfg = Release|Win32
		{0DC74A2B-B2B6-463A-A7EE-6C4F3C6B2052}.Release|x86.Build.0 = Release|Win32
		{D738C533-AE95-4301-B792-BA5A7A03475C}.Debug|x64.ActiveCfg = Debug|x64
		{D738C533-AE95-4301-B792-BA5A7A03475C}.Debug|x64.Build.0 = Debug|x64
		{D738C533-AE95-4301-B792-BA5A7A03475C}.Debug|x86.ActiveCfg = Debug|Win32
		{D738C533-AE95-4301-B792-BA5A7A03475C}.Debug|x86.Build.0 = Debug|Win32
		{D738C533-AE95-4301-B792-BA5A7A03475C}.Release|x64.ActiveCfg = Release|x64
		{D738C533-AE95-4301-B792-BA5A7A03475C}.Release|x64.Build.0 = Release|x64
		{D738C533-AE95-4301-B792-BA5A7A03475C}.Release|x86.ActiveCfg = Release|Win32
		{D738C533-AE95-4301-B792-BA5A7A03475C}.Release|x86.Build.0 = Release|Win32
		{B444BC41-80FB-48CC-BF04-73AB22970DD1}.Debug|x64.ActiveCfg = Debug|x64
		{B444BC41-80FB-48CC-BF04-73AB22970DD1}.Debug|x64.Build.0 = Debug|x64
		{B444BC41-80FB-48CC-BF04-73AB22970DD1}.Debug|x86.ActiveCfg = Debug|Win32
		{B444BC41-80FB-48CC-BF04-73AB22970DD1}.Debug|x86.Build.0 = Debug|Win32
		{B444BC41-80FB-48CC-BF04-73AB22970DD1}.Release|x64.ActiveCfg = Release|x64
		{B444BC41-80FB-48CC-BF04-73AB22970DD1}.Release|x64.Build.0 = Release|x64
		{B444BC41-80FB-48CC-BF04-73AB22970DD1}.Release|x86.ActiveCfg = Release|Win32
		{B444BC41-80FB-48CC-BF04-73AB22970DD1}.Release|x86.Build.0 = Release|Win32
		{5FF70BAF-3775-4F52-9CA8-8CD1054D999D}.Debug|x64.ActiveCfg = Debug|x64
		{5FF70BAF-3775-4F52-9CA8-8CD1054D999D}.Debug|x64.Build.0 = Debug|x64
		{5FF70BAF-3775-4F52-9CA8-8CD1054D999D}.Debug|x86.ActiveCfg = Debug|Win32
		{5FF70BAF-3775-4F52-9CA8-8CD1054D999D}.Debug|x86.Build.0 = Debug|Win32
		{5FF70BAF-3775-4F52-9CA8-8CD1054D999D}.Release|x64.ActiveCfg = Release|x64
		{5FF70BAF-3775-4F52-9CA8-8CD1054D999D}.Release|x64.Build.0 = Release|x64
		{5FF70BAF-3775-4F52-9CA8-8CD1054D999D}.Release|x86.ActiveCfg = Release|Win32
		{5FF70BAF-3775-4F52-9CA8-8CD1054D999D}.Release|x86.Build.0 = Release|Win32
		{57C19DB2-9006-41A3-B8E8-F6688DC3E5D7}.Debug|x64.ActiveCfg = Debug|x64
		{57C19DB2-9006-41A3-B8E8-F6688DC3E5D7}.Debug|x64.Build.0 = Debug|x64
		{57C19DB2-9006-41A3-B8E8-F6688DC3E5D7}.Debug|x86.ActiveCfg = Debug|Win32
		{57C19DB2-9006-41A3-B8E8-F6688DC3E5D7}.Debug|x86.Build.0 = Debug|Win32
		{57C19DB2-9006-41A3-B8E8-F6688DC3E5D7}.Release|x64.ActiveCfg = Release|x64
		{57C19DB2-9006-41A3-B8E8-F6688DC3E5D7}.Release|x64.Build.0 = Release|x64
		{57C19DB2-9006-41A3-B8E8-F6688DC3E5D7}.Release|x86.ActiveCfg = Release|Win32
		{57C19DB2-9006-41A3-B8E8-F6688DC3E5D7}.Release|x86.Build.0 = Release|Win32
		{7DDA691C-6D8D-46F8-8A20-9BA20E99D5B7}.Debug|x64.ActiveCfg = Debug|x64
		{7DDA691C-6D8D-46F8-8A20-9BA20E99D5B7}.Debug|x64.Build.0 = Debug|x64
		{7DDA691C-6D8D-46F8-8A20-9BA20E99D5B7}.Debug|x86.ActiveCfg = Debug|Win32
		{7DDA691C-6D8D-46F8-8A20-9BA20E99D5B7}.Debug|x86.Build.0 = Debug|Win32
		{7DDA691C-6D8D-46F8-8A20-9BA20E99D5B7}.Release|x64.ActiveCfg = Release|x64
		{7DDA691C-6D8D-46F8-8A20-9BA20E99D5B7}.Release|x64.Build.0 = Release|x64
		{7DDA691C-6D8D-46F8-8A20-9BA20E99D5B7}.Release|x86.ActiveCfg = Release|Win32
		{7DDA691C-6D8D-46F8-8A20-9BA20E99D5B7}.Release|x86.Build.0 = Release|Win32
		{93297A0B-DA7E-4401-B739-4FA18313D4DC}.Debug|x64.ActiveCfg = Debug|x64
		{93297A0B-DA7E-4401-B739-4FA18313D4DC}.Debug|x64.Build.0 = Debug|x64
		{93297A0B-DA7E-4401-B739-4FA18313D4DC}.Debug|x86.ActiveCfg = Debug|Win32
		{93297A0B-DA7E-4401-B739-4FA18313D4DC}.Debug|x86.Build.0 = Debug|Win32
		{93297A0B-DA7E-4401-B739-4FA18313D4DC}.Release|x64.ActiveCfg = Release|x64
		{93297A0B-DA7E-4401-B739-4FA18313D4DC}.Release|x64.Build.0 = Release|x64
		{93297A0B-DA7E-4401-B739-4FA18313D4DC}.Release|x86.ActiveCfg = Release|Win32
		{93297A0B-DA7E-4401-B739-4FA18313D4DC}.Release|x86.Build.0 = Release|Win32
		{D8A3A220-89F9-4E96-8B46-F8BE969CDB08}.Debug|x64.ActiveCfg = Debug|x64
		{D8A3A220-89F9-4E96-8B46-F8BE969CDB08}.Debug|x64.Build.0 = Debug|x64
		{D8A3A220-89F9-4E96-8B46-F8BE969CDB08}.Debug|x86.ActiveCfg = Debug|Win32
		{D8A3A220-89F9-4E96-8B46-F8BE969CDB08}.Debug|x86.Build.0 = Debug|Win32
		{D8A3A220-89F9-4E96-8B46-F8BE969CDB08}.Release|x64.ActiveCfg = Release|x64
		{D8A3A220-89F9-4E96-8B46-F8BE969CDB08}.Release|x64.Build.0 = Release|x64
		{D8A3A220-89F9-4E96-8B46-F8BE969CDB08}.Release|x86.ActiveCfg = Release|Win32
		{D8A3A220-89F9-4E96-8B46-F8BE969CDB08}.Release|x86.Build.0 = Release|Win32
		{3A5496C4-4007-4068-A90E-281EC1A42F63}.Debug|x64.ActiveCfg = Debug|x64
		{3A5496C4-4007-4068-A90E-281EC1A42F63}.Debug|x64.Build.0 = Debug|x64
		{3A5496C4-4007-4068-A90E-281EC1A42F63}.Debug|x86.ActiveCfg = Debug|Win32
		{3A5496C4-4007-4068-A90E-281EC1A42F63}.Debug|x86.Build.0 = Debug|Win32
		{3A5496C4-4007-4068-A90E-281EC1A42F63}.Release|x64.ActiveCfg = Release|x64
		{3A5496C4-4007-4068-A90E-281EC1A42F63}.Release|x64.Build.0 = Release|x64
		{3A5496C4-4007-4068-A90E-281EC1A42F63}.Release|x86.ActiveCfg = Release|Win32
		{3A5496C4-4007-4068-A90E-281EC1A42F63}.Release|x86.Build.0 = Release|Win32
		{71622D59-0C0A-4CE1-AB6F-97DB86CB2827}.Debug|x64.ActiveCfg = Debug|x64
		{71622D59-0C0A-4CE1-AB6F-97DB86CB2827}.Debug|x64.Build.0 = Debug|x64
		{71622D59-0C0A-4CE1-AB6F-97DB86CB2827}.Debug|x86.ActiveCfg = Debug|Win32
		{71622D59-0C0A-4CE1-AB6F-97DB86CB2827}.Debug|x86.Build.0 = Debug|Win32
		{71622D59-0C0A-4CE1-AB6F-97DB86CB2827}.Release|x64.ActiveCfg = Release|x64
		{71622D59-0C0A-4CE1-AB6F-97DB86CB2827}.Release|x64.Build.0 = Release|x64
		{71622D59-0C0A-4CE1-AB6F-97DB86CB2827}.Release|x86.ActiveCfg = Release|Win32
		{71622D59-0C0A-4CE1-AB6F-97DB86CB2827}.Release|x86.Build.0 = Release|Win32
		{72BA0B93-7613-4948-9F65-CC0EF5B6A32A}.Debug|x64.ActiveCfg = Debug|x64
		{72BA0B93-7613-4948-9F65-CC0EF5B6A32A}.Debug|x64.Build.0 = Debug|x64
		{72BA0B93-7613-4948-9F65-CC0EF5B6A32A}.Debug|x86.ActiveCfg = Debug|Win32
		{72BA0B93-7613-4948-9F65-CC0EF5B6A32A}.Debug|x86.Build.0 = Debug|Win32
		{72BA0B93-7613-4948-9F65-CC0EF5B6A32A}.Release|x64.ActiveCfg = Release|x64
		{72BA0B93-7613-4948-9F65-CC0EF5B6A32A}.Release|x64.Build.0 = Release|x64
		{72BA0B93-7613-4948-9F65-CC0EF5B6A32A}.Release|x86.ActiveCfg = Release|Win32
		{72BA0B93-7613-4948-9F65-CC0EF5B6A32A}.Release|x86.Build.0 = Release|Win32
	EndGlobalSection
	GlobalSection(SolutionProperties) = preSolution
		HideSolutionNode = FALSE
	EndGlobalSection
	GlobalSection(ExtensibilityGlobals) = postSolution
		SolutionGuid = {C4A8E6DC-4625-4976-B5CB-AB7239552799}
	EndGlobalSection
EndGlobal
